Microsoft Visual Studio Solution File, Format Version 12.00
# Visual Studio Version 17
VisualStudioVersion = 17.5.2.0
MinimumVisualStudioVersion = 10.0.40219.1
Project("{FAE04EC0-301F-11D3-BF4B-00C04F79EFBC}") = "MockVisemes", "MockVisemes.csproj", "{F35FF1A7-FD51-F232-6B35-39D4467D7747}"
EndProject
Global
	GlobalSection(SolutionConfigurationPlatforms) = preSolution
		Debug|Any CPU = Debug|Any CPU
		Release|Any CPU = Release|Any CPU
	EndGlobalSection
	GlobalSection(ProjectConfigurationPlatforms) = postSolution
		{F35FF1A7-FD51-F232-6B35-39D4467D7747}.Debug|Any CPU.ActiveCfg = Debug|Any CPU
		{F35FF1A7-FD51-F232-6B35-39D4467D7747}.Debug|Any CPU.Build.0 = Debug|Any CPU
		{F35FF1A7-FD51-F232-6B35-39D4467D7747}.Release|Any CPU.ActiveCfg = Release|Any CPU
		{F35FF1A7-FD51-F232-6B35-39D4467D7747}.Release|Any CPU.Build.0 = Release|Any CPU
	EndGlobalSection
	GlobalSection(SolutionProperties) = preSolution
		HideSolutionNode = FALSE
	EndGlobalSection
	GlobalSection(ExtensibilityGlobals) = postSolution
		SolutionGuid = {E2019A94-5A8E-4D94-92B8-87AD33ABC8ED}
	EndGlobalSection
EndGlobal
